
Microsoft Visual Studio Solution File, Format Version 12.00
# Visual Studio Version 16
VisualStudioVersion = 16.0.28803.156
MinimumVisualStudioVersion = 10.0.40219.1
Project("{FAE04EC0-301F-11D3-BF4B-00C04F79EFBC}") = "GroupingListView.UWP", "GroupingListView\GroupingListView.UWP\GroupingListView.UWP.csproj", "{05E7B7A7-3A50-4CB5-ADED-636A6895E033}"
EndProject
Project("{FAE04EC0-301F-11D3-BF4B-00C04F79EFBC}") = "GroupingListView.Android", "GroupingListView\GroupingListView.Android\GroupingListView.Android.csproj", "{5018564B-6796-489E-A833-6439370EA384}"
EndProject
Project("{FAE04EC0-301F-11D3-BF4B-00C04F79EFBC}") = "GroupingListView.iOS", "GroupingListView\GroupingListView.iOS\GroupingListView.iOS.csproj", "{34749C79-17D3-4765-8343-75FEDABF3068}"
EndProject
Project("{FAE04EC0-301F-11D3-BF4B-00C04F79EFBC}") = "GroupingListView", "GroupingListView\GroupingListView\GroupingListView.csproj", "{AA342426-8569-4820-ABDF-23097A973FFC}"
EndProject
Global
	GlobalSection(SolutionConfigurationPlatforms) = preSolution
		Debug|Any CPU = Debug|Any CPU
		Debug|ARM = Debug|ARM
		Debug|iPhone = Debug|iPhone
		Debug|iPhoneSimulator = Debug|iPhoneSimulator
		Debug|x64 = Debug|x64
		Debug|x86 = Debug|x86
		Release|Any CPU = Release|Any CPU
		Release|ARM = Release|ARM
		Release|iPhone = Release|iPhone
		Release|iPhoneSimulator = Release|iPhoneSimulator
		Release|x64 = Release|x64
		Release|x86 = Release|x86
	EndGlobalSection
	GlobalSection(ProjectConfigurationPlatforms) = postSolution
		{05E7B7A7-3A50-4CB5-ADED-636A6895E033}.Debug|Any CPU.ActiveCfg = Debug|x86
		{05E7B7A7-3A50-4CB5-ADED-636A6895E033}.Debug|Any CPU.Build.0 = Debug|x86
		{05E7B7A7-3A50-4CB5-ADED-636A6895E033}.Debug|Any CPU.Deploy.0 = Debug|x86
		{05E7B7A7-3A50-4CB5-ADED-636A6895E033}.Debug|ARM.ActiveCfg = Debug|ARM
		{05E7B7A7-3A50-4CB5-ADED-636A6895E033}.Debug|ARM.Build.0 = Debug|ARM
		{05E7B7A7-3A50-4CB5-ADED-636A6895E033}.Debug|ARM.Deploy.0 = Debug|ARM
		{05E7B7A7-3A50-4CB5-ADED-636A6895E033}.Debug|iPhone.ActiveCfg = Debug|x86
		{05E7B7A7-3A50-4CB5-ADED-636A6895E033}.Debug|iPhone.Build.0 = Debug|x86
		{05E7B7A7-3A50-4CB5-ADED-636A6895E033}.Debug|iPhone.Deploy.0 = Debug|x86
		{05E7B7A7-3A50-4CB5-ADED-636A6895E033}.Debug|iPhoneSimulator.ActiveCfg = Debug|x86
		{05E7B7A7-3A50-4CB5-ADED-636A6895E033}.Debug|iPhoneSimulator.Build.0 = Debug|x86
		{05E7B7A7-3A50-4CB5-ADED-636A6895E033}.Debug|iPhoneSimulator.Deploy.0 = Debug|x86
		{05E7B7A7-3A50-4CB5-ADED-636A6895E033}.Debug|x64.ActiveCfg = Debug|x64
		{05E7B7A7-3A50-4CB5-ADED-636A6895E033}.Debug|x64.Build.0 = Debug|x64
		{05E7B7A7-3A50-4CB5-ADED-636A6895E033}.Debug|x64.Deploy.0 = Debug|x64
		{05E7B7A7-3A50-4CB5-ADED-636A6895E033}.Debug|x86.ActiveCfg = Debug|x86
		{05E7B7A7-3A50-4CB5-ADED-636A6895E033}.Debug|x86.Build.0 = Debug|x86
		{05E7B7A7-3A50-4CB5-ADED-636A6895E033}.Debug|x86.Deploy.0 = Debug|x86
		{05E7B7A7-3A50-4CB5-ADED-636A6895E033}.Release|Any CPU.ActiveCfg = Release|x86
		{05E7B7A7-3A50-4CB5-ADED-636A6895E033}.Release|Any CPU.Build.0 = Release|x86
		{05E7B7A7-3A50-4CB5-ADED-636A6895E033}.Release|Any CPU.Deploy.0 = Release|x86
		{05E7B7A7-3A50-4CB5-ADED-636A6895E033}.Release|ARM.ActiveCfg = Release|ARM
		{05E7B7A7-3A50-4CB5-ADED-636A6895E033}.Release|ARM.Build.0 = Release|ARM
		{05E7B7A7-3A50-4CB5-ADED-636A6895E033}.Release|ARM.Deploy.0 = Release|ARM
		{05E7B7A7-3A50-4CB5-ADED-636A6895E033}.Release|iPhone.ActiveCfg = Release|x86
		{05E7B7A7-3A50-4CB5-ADED-636A6895E033}.Release|iPhone.Build.0 = Release|x86
		{05E7B7A7-3A50-4CB5-ADED-636A6895E033}.Release|iPhone.Deploy.0 = Release|x86
		{05E7B7A7-3A50-4CB5-ADED-636A6895E033}.Release|iPhoneSimulator.ActiveCfg = Release|x86
		{05E7B7A7-3A50-4CB5-ADED-636A6895E033}.Release|iPhoneSimulator.Build.0 = Release|x86
		{05E7B7A7-3A50-4CB5-ADED-636A6895E033}.Release|iPhoneSimulator.Deploy.0 = Release|x86
		{05E7B7A7-3A50-4CB5-ADED-636A6895E033}.Release|x64.ActiveCfg = Release|x64
		{05E7B7A7-3A50-4CB5-ADED-636A6895E033}.Release|x64.Build.0 = Release|x64
		{05E7B7A7-3A50-4CB5-ADED-636A6895E033}.Release|x64.Deploy.0 = Release|x64
		{05E7B7A7-3A50-4CB5-ADED-636A6895E033}.Release|x86.ActiveCfg = Release|x86
		{05E7B7A7-3A50-4CB5-ADED-636A6895E033}.Release|x86.Build.0 = Release|x86
		{05E7B7A7-3A50-4CB5-ADED-636A6895E033}.Release|x86.Deploy.0 = Release|x86
		{5018564B-6796-489E-A833-6439370EA384}.Debug|Any CPU.ActiveCfg = Debug|Any CPU
		{5018564B-6796-489E-A833-6439370EA384}.Debug|Any CPU.Build.0 = Debug|Any CPU
		{5018564B-6796-489E-A833-6439370EA384}.Debug|Any CPU.Deploy.0 = Debug|Any CPU
		{5018564B-6796-489E-A833-6439370EA384}.Debug|ARM.ActiveCfg = Debug|Any CPU
		{5018564B-6796-489E-A833-6439370EA384}.Debug|ARM.Build.0 = Debug|Any CPU
		{5018564B-6796-489E-A833-6439370EA384}.Debug|ARM.Deploy.0 = Debug|Any CPU
		{5018564B-6796-489E-A833-6439370EA384}.Debug|iPhone.ActiveCfg = Debug|Any CPU
		{5018564B-6796-489E-A833-6439370EA384}.Debug|iPhone.Build.0 = Debug|Any CPU
		{5018564B-6796-489E-A833-6439370EA384}.Debug|iPhone.Deploy.0 = Debug|Any CPU
		{5018564B-6796-489E-A833-6439370EA384}.Debug|iPhoneSimulator.ActiveCfg = Debug|Any CPU
		{5018564B-6796-489E-A833-6439370EA384}.Debug|iPhoneSimulator.Build.0 = Debug|Any CPU
		{5018564B-6796-489E-A833-6439370EA384}.Debug|iPhoneSimulator.Deploy.0 = Debug|Any CPU
		{5018564B-6796-489E-A833-6439370EA384}.Debug|x64.ActiveCfg = Debug|Any CPU
		{5018564B-6796-489E-A833-6439370EA384}.Debug|x64.Build.0 = Debug|Any CPU
		{5018564B-6796-489E-A833-6439370EA384}.Debug|x64.Deploy.0 = Debug|Any CPU
		{5018564B-6796-489E-A833-6439370EA384}.Debug|x86.ActiveCfg = Debug|Any CPU
		{5018564B-6796-489E-A833-6439370EA384}.Debug|x86.Build.0 = Debug|Any CPU
		{5018564B-6796-489E-A833-6439370EA384}.Debug|x86.Deploy.0 = Debug|Any CPU
		{5018564B-6796-489E-A833-6439370EA384}.Release|Any CPU.ActiveCfg = Release|Any CPU
		{5018564B-6796-489E-A833-6439370EA384}.Release|Any CPU.Build.0 = Release|Any CPU
		{5018564B-6796-489E-A833-6439370EA384}.Release|Any CPU.Deploy.0 = Release|Any CPU
		{5018564B-6796-489E-A833-6439370EA384}.Release|ARM.ActiveCfg = Release|Any CPU
		{5018564B-6796-489E-A833-6439370EA384}.Release|ARM.Build.0 = Release|Any CPU
		{5018564B-6796-489E-A833-6439370EA384}.Release|ARM.Deploy.0 = Release|Any CPU
		{5018564B-6796-489E-A833-6439370EA384}.Release|iPhone.ActiveCfg = Release|Any CPU
		{5018564B-6796-489E-A833-6439370EA384}.Release|iPhone.Build.0 = Release|Any CPU
		{5018564B-6796-489E-A833-6439370EA384}.Release|iPhone.Deploy.0 = Release|Any CPU
		{5018564B-6796-489E-A833-6439370EA384}.Release|iPhoneSimulator.ActiveCfg = Release|Any CPU
		{5018564B-6796-489E-A833-6439370EA384}.Release|iPhoneSimulator.Build.0 = Release|Any CPU
		{5018564B-6796-489E-A833-6439370EA384}.Release|iPhoneSimulator.Deploy.0 = Release|Any CPU
		{5018564B-6796-489E-A833-6439370EA384}.Release|x64.ActiveCfg = Release|Any CPU
		{5018564B-6796-489E-A833-6439370EA384}.Release|x64.Build.0 = Release|Any CPU
		{5018564B-6796-489E-A833-6439370EA384}.Release|x64.Deploy.0 = Release|Any CPU
		{5018564B-6796-489E-A833-6439370EA384}.Release|x86.ActiveCfg = Release|Any CPU
		{5018564B-6796-489E-A833-6439370EA384}.Release|x86.Build.0 = Release|Any CPU
		{5018564B-6796-489E-A833-6439370EA384}.Release|x86.Deploy.0 = Release|Any CPU
		{34749C79-17D3-4765-8343-75FEDABF3068}.Debug|Any CPU.ActiveCfg = Debug|iPhone
		{34749C79-17D3-4765-8343-75FEDABF3068}.Debug|Any CPU.Build.0 = Debug|iPhone
		{34749C79-17D3-4765-8343-75FEDABF3068}.Debug|Any CPU.Deploy.0 = Debug|iPhone
		{34749C79-17D3-4765-8343-75FEDABF3068}.Debug|ARM.ActiveCfg = Debug|iPhoneSimulator
		{34749C79-17D3-4765-8343-75FEDABF3068}.Debug|ARM.Build.0 = Debug|iPhoneSimulator
		{34749C79-17D3-4765-8343-75FEDABF3068}.Debug|ARM.Deploy.0 = Debug|iPhoneSimulator
		{34749C79-17D3-4765-8343-75FEDABF3068}.Debug|iPhone.ActiveCfg = Debug|iPhone
		{34749C79-17D3-4765-8343-75FEDABF3068}.Debug|iPhone.Build.0 = Debug|iPhone
		{34749C79-17D3-4765-8343-75FEDABF3068}.Debug|iPhone.Deploy.0 = Debug|iPhone
		{34749C79-17D3-4765-8343-75FEDABF3068}.Debug|iPhoneSimulator.ActiveCfg = Debug|iPhoneSimulator
		{34749C79-17D3-4765-8343-75FEDABF3068}.Debug|iPhoneSimulator.Build.0 = Debug|iPhoneSimulator
		{34749C79-17D3-4765-8343-75FEDABF3068}.Debug|iPhoneSimulator.Deploy.0 = Debug|iPhoneSimulator
		{34749C79-17D3-4765-8343-75FEDABF3068}.Debug|x64.ActiveCfg = Debug|iPhone
		{34749C79-17D3-4765-8343-75FEDABF3068}.Debug|x64.Build.0 = Debug|iPhone
		{34749C79-17D3-4765-8343-75FEDABF3068}.Debug|x64.Deploy.0 = Debug|iPhone
		{34749C79-17D3-4765-8343-75FEDABF3068}.Debug|x86.ActiveCfg = Debug|iPhone
		{34749C79-17D3-4765-8343-75FEDABF3068}.Debug|x86.Build.0 = Debug|iPhone
		{34749C79-17D3-4765-8343-75FEDABF3068}.Debug|x86.Deploy.0 = Debug|iPhone
		{34749C79-17D3-4765-8343-75FEDABF3068}.Release|Any CPU.ActiveCfg = Release|iPhone
		{34749C79-17D3-4765-8343-75FEDABF3068}.Release|Any CPU.Build.0 = Release|iPhone
		{34749C79-17D3-4765-8343-75FEDABF3068}.Release|Any CPU.Deploy.0 = Release|iPhone
		{34749C79-17D3-4765-8343-75FEDABF3068}.Release|ARM.ActiveCfg = Release|iPhone
		{34749C79-17D3-4765-8343-75FEDABF3068}.Release|ARM.Build.0 = Release|iPhone
		{34749C79-17D3-4765-8343-75FEDABF3068}.Release|ARM.Deploy.0 = Release|iPhone
		{34749C79-17D3-4765-8343-75FEDABF3068}.Release|iPhone.ActiveCfg = Release|iPhone
		{34749C79-17D3-4765-8343-75FEDABF3068}.Release|iPhone.Build.0 = Release|iPhone
		{34749C79-17D3-4765-8343-75FEDABF3068}.Release|iPhone.Deploy.0 = Release|iPhone
		{34749C79-17D3-4765-8343-75FEDABF3068}.Release|iPhoneSimulator.ActiveCfg = Release|iPhoneSimulator
		{34749C79-17D3-4765-8343-75FEDABF3068}.Release|iPhoneSimulator.Build.0 = Release|iPhoneSimulator
		{34749C79-17D3-4765-8343-75FEDABF3068}.Release|iPhoneSimulator.Deploy.0 = Release|iPhoneSimulator
		{34749C79-17D3-4765-8343-75FEDABF3068}.Release|x64.ActiveCfg = Release|iPhone
		{34749C79-17D3-4765-8343-75FEDABF3068}.Release|x64.Build.0 = Release|iPhone
		{34749C79-17D3-4765-8343-75FEDABF3068}.Release|x64.Deploy.0 = Release|iPhone
		{34749C79-17D3-4765-8343-75FEDABF3068}.Release|x86.ActiveCfg = Release|iPhone
		{34749C79-17D3-4765-8343-75FEDABF3068}.Release|x86.Build.0 = Release|iPhone
		{34749C79-17D3-4765-8343-75FEDABF3068}.Release|x86.Deploy.0 = Release|iPhone
		{AA342426-8569-4820-ABDF-23097A973FFC}.Debug|Any CPU.ActiveCfg = Debug|Any CPU
		{AA342426-8569-4820-ABDF-23097A973FFC}.Debug|Any CPU.Build.0 = Debug|Any CPU
		{AA342426-8569-4820-ABDF-23097A973FFC}.Debug|Any CPU.Deploy.0 = Debug|Any CPU
		{AA342426-8569-4820-ABDF-23097A973FFC}.Debug|ARM.ActiveCfg = Debug|Any CPU
		{AA342426-8569-4820-ABDF-23097A973FFC}.Debug|ARM.Build.0 = Debug|Any CPU
		{AA342426-8569-4820-ABDF-23097A973FFC}.Debug|ARM.Deploy.0 = Debug|Any CPU
		{AA342426-8569-4820-ABDF-23097A973FFC}.Debug|iPhone.ActiveCfg = Debug|Any CPU
		{AA342426-8569-4820-ABDF-23097A973FFC}.Debug|iPhone.Build.0 = Debug|Any CPU
		{AA342426-8569-4820-ABDF-23097A973FFC}.Debug|iPhone.Deploy.0 = Debug|Any CPU
		{AA342426-8569-4820-ABDF-23097A973FFC}.Debug|iPhoneSimulator.ActiveCfg = Debug|Any CPU
		{AA342426-8569-4820-ABDF-23097A973FFC}.Debug|iPhoneSimulator.Build.0 = Debug|Any CPU
		{AA342426-8569-4820-ABDF-23097A973FFC}.Debug|iPhoneSimulator.Deploy.0 = Debug|Any CPU
		{AA342426-8569-4820-ABDF-23097A973FFC}.Debug|x64.ActiveCfg = Debug|Any CPU
		{AA342426-8569-4820-ABDF-23097A973FFC}.Debug|x64.Build.0 = Debug|Any CPU
		{AA342426-8569-4820-ABDF-23097A973FFC}.Debug|x64.Deploy.0 = Debug|Any CPU
		{AA342426-8569-4820-ABDF-23097A973FFC}.Debug|x86.ActiveCfg = Debug|Any CPU
		{AA342426-8569-4820-ABDF-23097A973FFC}.Debug|x86.Build.0 = Debug|Any CPU
		{AA342426-8569-4820-ABDF-23097A973FFC}.Debug|x86.Deploy.0 = Debug|Any CPU
		{AA342426-8569-4820-ABDF-23097A973FFC}.Release|Any CPU.ActiveCfg = Release|Any CPU
		{AA342426-8569-4820-ABDF-23097A973FFC}.Release|Any CPU.Build.0 = Release|Any CPU
		{AA342426-8569-4820-ABDF-23097A973FFC}.Release|Any CPU.Deploy.0 = Release|Any CPU
		{AA342426-8569-4820-ABDF-23097A973FFC}.Release|ARM.ActiveCfg = Release|Any CPU
		{AA342426-8569-4820-ABDF-23097A973FFC}.Release|ARM.Build.0 = Release|Any CPU
		{AA342426-8569-4820-ABDF-23097A973FFC}.Release|ARM.Deploy.0 = Release|Any CPU
		{AA342426-8569-4820-ABDF-23097A973FFC}.Release|iPhone.ActiveCfg = Release|Any CPU
		{AA342426-8569-4820-ABDF-23097A973FFC}.Release|iPhone.Build.0 = Release|Any CPU
		{AA342426-8569-4820-ABDF-23097A973FFC}.Release|iPhone.Deploy.0 = Release|Any CPU
		{AA342426-8569-4820-ABDF-23097A973FFC}.Release|iPhoneSimulator.ActiveCfg = Release|Any CPU
		{AA342426-8569-4820-ABDF-23097A973FFC}.Release|iPhoneSimulator.Build.0 = Release|Any CPU
		{AA342426-8569-4820-ABDF-23097A973FFC}.Release|iPhoneSimulator.Deploy.0 = Release|Any CPU
		{AA342426-8569-4820-ABDF-23097A973FFC}.Release|x64.ActiveCfg = Release|Any CPU
		{AA342426-8569-4820-ABDF-23097A973FFC}.Release|x64.Build.0 = Release|Any CPU
		{AA342426-8569-4820-ABDF-23097A973FFC}.Release|x64.Deploy.0 = Release|Any CPU
		{AA342426-8569-4820-ABDF-23097A973FFC}.Release|x86.ActiveCfg = Release|Any CPU
		{AA342426-8569-4820-ABDF-23097A973FFC}.Release|x86.Build.0 = Release|Any CPU
		{AA342426-8569-4820-ABDF-23097A973FFC}.Release|x86.Deploy.0 = Release|Any CPU
	EndGlobalSection
	GlobalSection(SolutionProperties) = preSolution
		HideSolutionNode = FALSE
	EndGlobalSection
	GlobalSection(ExtensibilityGlobals) = postSolution
		SolutionGuid = {16AA4761-76F4-4EA3-BDCE-89A53CEB6DE8}
	EndGlobalSection
EndGlobal
